
Microsoft Visual Studio Solution File, Format Version 12.00
# Visual Studio 15
Project("{FAE04EC0-301F-11D3-BF4B-00C04F79EFBC}") = "PromotionEngineMain", "PromotionEngineMain.csproj", "{BDEA9933-2969-484C-B250-823D32A3AB1A}"
EndProject
Project("{FAE04EC0-301F-11D3-BF4B-00C04F79EFBC}") = "PromoEngineUnitTests", "..\PromoEngineUnitTests\PromoEngineUnitTests.csproj", "{14E95EDF-76FB-48C8-BF2A-693B594D8EE4}"
EndProject
Global
	GlobalSection(SolutionConfigurationPlatforms) = preSolution
		Debug|Any CPU = Debug|Any CPU
		Release|Any CPU = Release|Any CPU
	EndGlobalSection
	GlobalSection(ProjectConfigurationPlatforms) = postSolution
		{BDEA9933-2969-484C-B250-823D32A3AB1A}.Debug|Any CPU.ActiveCfg = Debug|Any CPU
		{BDEA9933-2969-484C-B250-823D32A3AB1A}.Debug|Any CPU.Build.0 = Debug|Any CPU
		{BDEA9933-2969-484C-B250-823D32A3AB1A}.Release|Any CPU.ActiveCfg = Release|Any CPU
		{BDEA9933-2969-484C-B250-823D32A3AB1A}.Release|Any CPU.Build.0 = Release|Any CPU
		{14E95EDF-76FB-48C8-BF2A-693B594D8EE4}.Debug|Any CPU.ActiveCfg = Debug|Any CPU
		{14E95EDF-76FB-48C8-BF2A-693B594D8EE4}.Debug|Any CPU.Build.0 = Debug|Any CPU
		{14E95EDF-76FB-48C8-BF2A-693B594D8EE4}.Release|Any CPU.ActiveCfg = Release|Any CPU
		{14E95EDF-76FB-48C8-BF2A-693B594D8EE4}.Release|Any CPU.Build.0 = Release|Any CPU
	EndGlobalSection
EndGlobal
